
Microsoft Visual Studio Solution File, Format Version 12.00
# Visual Studio Version 17
VisualStudioVersion = 17.5.33627.172
MinimumVisualStudioVersion = 10.0.40219.1
Project("{8BC9CEB8-8B4A-11D0-8D11-00A0C91BC942}") = "Grade Prediction", "Grade Prediction.vcxproj", "{EFA945A5-4889-49DE-8AE3-B4CAC4B180DF}"
EndProject
Global
	GlobalSection(SolutionConfigurationPlatforms) = preSolution
		Debug|x64 = Debug|x64
		Debug|x86 = Debug|x86
		Release|x64 = Release|x64
		Release|x86 = Release|x86
	EndGlobalSection
	GlobalSection(ProjectConfigurationPlatforms) = postSolution
		{EFA945A5-4889-49DE-8AE3-B4CAC4B180DF}.Debug|x64.ActiveCfg = Debug|x64
		{EFA945A5-4889-49DE-8AE3-B4CAC4B180DF}.Debug|x64.Build.0 = Debug|x64
		{EFA945A5-4889-49DE-8AE3-B4CAC4B180DF}.Debug|x86.ActiveCfg = Debug|Win32
		{EFA945A5-4889-49DE-8AE3-B4CAC4B180DF}.Debug|x86.Build.0 = Debug|Win32
		{EFA945A5-4889-49DE-8AE3-B4CAC4B180DF}.Release|x64.ActiveCfg = Release|x64
		{EFA945A5-4889-49DE-8AE3-B4CAC4B180DF}.Release|x64.Build.0 = Release|x64
		{EFA945A5-4889-49DE-8AE3-B4CAC4B180DF}.Release|x86.ActiveCfg = Release|Win32
		{EFA945A5-4889-49DE-8AE3-B4CAC4B180DF}.Release|x86.Build.0 = Release|Win32
	EndGlobalSection
	GlobalSection(SolutionProperties) = preSolution
		HideSolutionNode = FALSE
	EndGlobalSection
	GlobalSection(ExtensibilityGlobals) = postSolution
		SolutionGuid = {41C89B97-A2E0-40D9-87A9-847BE82C7CAE}
	EndGlobalSection
EndGlobal
